// !$*UTF8*$!
{
	archiveVersion = 1;
	classes = {
	};
	objectVersion = 46;
	objects = {

/* Begin PBXBuildFile section */
		5A9F7AD71B83FB71007C9869 /* main.m in Sources */ = {isa = PBXBuildFile; fileRef = 5A9F7AD61B83FB71007C9869 /* main.m */; };
		5A9F7ADA1B83FB71007C9869 /* AppDelegate.m in Sources */ = {isa = PBXBuildFile; fileRef = 5A9F7AD91B83FB71007C9869 /* AppDelegate.m */; };
		5A9F7ADD1B83FB71007C9869 /* BFCollectionViewController.m in Sources */ = {isa = PBXBuildFile; fileRef = 5A9F7ADC1B83FB71007C9869 /* BFCollectionViewController.m */; };
		5A9F7AE01B83FB71007C9869 /* Main.storyboard in Resources */ = {isa = PBXBuildFile; fileRef = 5A9F7ADE1B83FB71007C9869 /* Main.storyboard */; };
		5A9F7AE21B83FB71007C9869 /* Images.xcassets in Resources */ = {isa = PBXBuildFile; fileRef = 5A9F7AE11B83FB71007C9869 /* Images.xcassets */; };
		5A9F7AE51B83FB71007C9869 /* LaunchScreen.xib in Resources */ = {isa = PBXBuildFile; fileRef = 5A9F7AE31B83FB71007C9869 /* LaunchScreen.xib */; };
		5A9F7AF11B83FB71007C9869 /* Button_FunTests.m in Sources */ = {isa = PBXBuildFile; fileRef = 5A9F7AF01B83FB71007C9869 /* Button_FunTests.m */; };
		5A9F7AFE1B8403C8007C9869 /* BFCollectionViewController.m in Sources */ = {isa = PBXBuildFile; fileRef = 5A9F7ADC1B83FB71007C9869 /* BFCollectionViewController.m */; };
/* End PBXBuildFile section */

/* Begin PBXContainerItemProxy section */
		5A9F7AEB1B83FB71007C9869 /* PBXContainerItemProxy */ = {
			isa = PBXContainerItemProxy;
			containerPortal = 5A9F7AC91B83FB71007C9869 /* Project object */;
			proxyType = 1;
			remoteGlobalIDString = 5A9F7AD01B83FB71007C9869;
			remoteInfo = "Button Fun";
		};
/* End PBXContainerItemProxy section */

/* Begin PBXFileReference section */
		5A9F7AD11B83FB71007C9869 /* Button Fun.app */ = {isa = PBXFileReference; explicitFileType = wrapper.application; includeInIndex = 0; path = "Button Fun.app"; sourceTree = BUILT_PRODUCTS_DIR; };
		5A9F7AD51B83FB71007C9869 /* Info.plist */ = {isa = PBXFileReference; lastKnownFileType = text.plist.xml; path = Info.plist; sourceTree = "<group>"; };
		5A9F7AD61B83FB71007C9869 /* main.m */ = {isa = PBXFileReference; lastKnownFileType = sourcecode.c.objc; path = main.m; sourceTree = "<group>"; };
		5A9F7AD81B83FB71007C9869 /* AppDelegate.h */ = {isa = PBXFileReference; lastKnownFileType = sourcecode.c.h; path = AppDelegate.h; sourceTree = "<group>"; };
		5A9F7AD91B83FB71007C9869 /* AppDelegate.m */ = {isa = PBXFileReference; lastKnownFileType = sourcecode.c.objc; path = AppDelegate.m; sourceTree = "<group>"; };
		5A9F7ADB1B83FB71007C9869 /* BFCollectionViewController.h */ = {isa = PBXFileReference; lastKnownFileType = sourcecode.c.h; path = BFCollectionViewController.h; sourceTree = "<group>"; };
		5A9F7ADC1B83FB71007C9869 /* BFCollectionViewController.m */ = {isa = PBXFileReference; lastKnownFileType = sourcecode.c.objc; path = BFCollectionViewController.m; sourceTree = "<group>"; };
		5A9F7ADF1B83FB71007C9869 /* Base */ = {isa = PBXFileReference; lastKnownFileType = file.storyboard; name = Base; path = Base.lproj/Main.storyboard; sourceTree = "<group>"; };
		5A9F7AE11B83FB71007C9869 /* Images.xcassets */ = {isa = PBXFileReference; lastKnownFileType = folder.assetcatalog; path = Images.xcassets; sourceTree = "<group>"; };
		5A9F7AE41B83FB71007C9869 /* Base */ = {isa = PBXFileReference; lastKnownFileType = file.xib; name = Base; path = Base.lproj/LaunchScreen.xib; sourceTree = "<group>"; };
		5A9F7AEA1B83FB71007C9869 /* Button FunTests.xctest */ = {isa = PBXFileReference; explicitFileType = wrapper.cfbundle; includeInIndex = 0; path = "Button FunTests.xctest"; sourceTree = BUILT_PRODUCTS_DIR; };
		5A9F7AEF1B83FB71007C9869 /* Info.plist */ = {isa = PBXFileReference; lastKnownFileType = text.plist.xml; path = Info.plist; sourceTree = "<group>"; };
		5A9F7AF01B83FB71007C9869 /* Button_FunTests.m */ = {isa = PBXFileReference; lastKnownFileType = sourcecode.c.objc; path = Button_FunTests.m; sourceTree = "<group>"; };
/* End PBXFileReference section */

/* Begin PBXFrameworksBuildPhase section */
		5A9F7ACE1B83FB71007C9869 /* Frameworks */ = {
			isa = PBXFrameworksBuildPhase;
			buildActionMask = 2147483647;
			files = (
			);
			runOnlyForDeploymentPostprocessing = 0;
		};
		5A9F7AE71B83FB71007C9869 /* Frameworks */ = {
			isa = PBXFrameworksBuildPhase;
			buildActionMask = 2147483647;
			files = (
			);
			runOnlyForDeploymentPostprocessing = 0;
		};
/* End PBXFrameworksBuildPhase section */

/* Begin PBXGroup section */
		5A9F7AC81B83FB71007C9869 = {
			isa = PBXGroup;
			children = (
				5A9F7AD31B83FB71007C9869 /* Button Fun */,
				5A9F7AED1B83FB71007C9869 /* Button FunTests */,
				5A9F7AD21B83FB71007C9869 /* Products */,
			);
			sourceTree = "<group>";
		};
		5A9F7AD21B83FB71007C9869 /* Products */ = {
			isa = PBXGroup;
			children = (
				5A9F7AD11B83FB71007C9869 /* Button Fun.app */,
				5A9F7AEA1B83FB71007C9869 /* Button FunTests.xctest */,
			);
			name = Products;
			sourceTree = "<group>";
		};
		5A9F7AD31B83FB71007C9869 /* Button Fun */ = {
			isa = PBXGroup;
			children = (
				5A9F7AD81B83FB71007C9869 /* AppDelegate.h */,
				5A9F7AD91B83FB71007C9869 /* AppDelegate.m */,
				5A9F7ADB1B83FB71007C9869 /* BFCollectionViewController.h */,
				5A9F7ADC1B83FB71007C9869 /* BFCollectionViewController.m */,
				5A9F7ADE1B83FB71007C9869 /* Main.storyboard */,
				5A9F7AE11B83FB71007C9869 /* Images.xcassets */,
				5A9F7AE31B83FB71007C9869 /* LaunchScreen.xib */,
				5A9F7AD41B83FB71007C9869 /* Supporting Files */,
			);
			path = "Button Fun";
			sourceTree = "<group>";
		};
		5A9F7AD41B83FB71007C9869 /* Supporting Files */ = {
			isa = PBXGroup;
			children = (
				5A9F7AD51B83FB71007C9869 /* Info.plist */,
				5A9F7AD61B83FB71007C9869 /* main.m */,
			);
			name = "Supporting Files";
			sourceTree = "<group>";
		};
		5A9F7AED1B83FB71007C9869 /* Button FunTests */ = {
			isa = PBXGroup;
			children = (
				5A9F7AF01B83FB71007C9869 /* Button_FunTests.m */,
				5A9F7AEE1B83FB71007C9869 /* Supporting Files */,
			);
			path = "Button FunTests";
			sourceTree = "<group>";
		};
		5A9F7AEE1B83FB71007C9869 /* Supporting Files */ = {
			isa = PBXGroup;
			children = (
				5A9F7AEF1B83FB71007C9869 /* Info.plist */,
			);
			name = "Supporting Files";
			sourceTree = "<group>";
		};
/* End PBXGroup section */

/* Begin PBXNativeTarget section */
		5A9F7AD01B83FB71007C9869 /* Button Fun */ = {
			isa = PBXNativeTarget;
			buildConfigurationList = 5A9F7AF41B83FB71007C9869 /* Build configuration list for PBXNativeTarget "Button Fun" */;
			buildPhases = (
				5A9F7ACD1B83FB71007C9869 /* Sources */,
				5A9F7ACE1B83FB71007C9869 /* Frameworks */,
				5A9F7ACF1B83FB71007C9869 /* Resources */,
			);
			buildRules = (
			);
			dependencies = (
			);
			name = "Button Fun";
			productName = "Button Fun";
			productReference = 5A9F7AD11B83FB71007C9869 /* Button Fun.app */;
			productType = "com.apple.product-type.application";
		};
		5A9F7AE91B83FB71007C9869 /* Button FunTests */ = {
			isa = PBXNativeTarget;
			buildConfigurationList = 5A9F7AF71B83FB71007C9869 /* Build configuration list for PBXNativeTarget "Button FunTests" */;
			buildPhases = (
				5A9F7AE61B83FB71007C9869 /* Sources */,
				5A9F7AE71B83FB71007C9869 /* Frameworks */,
				5A9F7AE81B83FB71007C9869 /* Resources */,
			);
			buildRules = (
			);
			dependencies = (
				5A9F7AEC1B83FB71007C9869 /* PBXTargetDependency */,
			);
			name = "Button FunTests";
			productName = "Button FunTests";
			productReference = 5A9F7AEA1B83FB71007C9869 /* Button FunTests.xctest */;
			productType = "com.apple.product-type.bundle.unit-test";
		};
/* End PBXNativeTarget section */

/* Begin PBXProject section */
		5A9F7AC91B83FB71007C9869 /* Project object */ = {
			isa = PBXProject;
			attributes = {
				LastUpgradeCheck = 0640;
				ORGANIZATIONNAME = ESPN;
				TargetAttributes = {
					5A9F7AD01B83FB71007C9869 = {
						CreatedOnToolsVersion = 6.4;
					};
					5A9F7AE91B83FB71007C9869 = {
						CreatedOnToolsVersion = 6.4;
						TestTargetID = 5A9F7AD01B83FB71007C9869;
					};
				};
			};
			buildConfigurationList = 5A9F7ACC1B83FB71007C9869 /* Build configuration list for PBXProject "Button Fun" */;
			compatibilityVersion = "Xcode 3.2";
			developmentRegion = English;
			hasScannedForEncodings = 0;
			knownRegions = (
				en,
				Base,
			);
			mainGroup = 5A9F7AC81B83FB71007C9869;
			productRefGroup = 5A9F7AD21B83FB71007C9869 /* Products */;
			projectDirPath = "";
			projectRoot = "";
			targets = (
				5A9F7AD01B83FB71007C9869 /* Button Fun */,
				5A9F7AE91B83FB71007C9869 /* Button FunTests */,
			);
		};
/* End PBXProject section */

/* Begin PBXResourcesBuildPhase section */
		5A9F7ACF1B83FB71007C9869 /* Resources */ = {
			isa = PBXResourcesBuildPhase;
			buildActionMask = 2147483647;
			files = (
				5A9F7AE01B83FB71007C9869 /* Main.storyboard in Resources */,
				5A9F7AE51B83FB71007C9869 /* LaunchScreen.xib in Resources */,
				5A9F7AE21B83FB71007C9869 /* Images.xcassets in Resources */,
			);
			runOnlyForDeploymentPostprocessing = 0;
		};
		5A9F7AE81B83FB71007C9869 /* Resources */ = {
			isa = PBXResourcesBuildPhase;
			buildActionMask = 2147483647;
			files = (
			);
			runOnlyForDeploymentPostprocessing = 0;
		};
/* End PBXResourcesBuildPhase section */

/* Begin PBXSourcesBuildPhase section */
		5A9F7ACD1B83FB71007C9869 /* Sources */ = {
			isa = PBXSourcesBuildPhase;
			buildActionMask = 2147483647;
			files = (
				5A9F7ADD1B83FB71007C9869 /* BFCollectionViewController.m in Sources */,
				5A9F7ADA1B83FB71007C9869 /* AppDelegate.m in Sources */,
				5A9F7AD71B83FB71007C9869 /* main.m in Sources */,
			);
			runOnlyForDeploymentPostprocessing = 0;
		};
		5A9F7AE61B83FB71007C9869 /* Sources */ = {
			isa = PBXSourcesBuildPhase;
			buildActionMask = 2147483647;
			files = (
				5A9F7AFE1B8403C8007C9869 /* BFCollectionViewController.m in Sources */,
				5A9F7AF11B83FB71007C9869 /* Button_FunTests.m in Sources */,
			);
			runOnlyForDeploymentPostprocessing = 0;
		};
/* End PBXSourcesBuildPhase section */

/* Begin PBXTargetDependency section */
		5A9F7AEC1B83FB71007C9869 /* PBXTargetDependency */ = {
			isa = PBXTargetDependency;
			target = 5A9F7AD01B83FB71007C9869 /* Button Fun */;
			targetProxy = 5A9F7AEB1B83FB71007C9869 /* PBXContainerItemProxy */;
		};
/* End PBXTargetDependency section */

/* Begin PBXVariantGroup section */
		5A9F7ADE1B83FB71007C9869 /* Main.storyboard */ = {
			isa = PBXVariantGroup;
			children = (
				5A9F7ADF1B83FB71007C9869 /* Base */,
			);
			name = Main.storyboard;
			sourceTree = "<group>";
		};
		5A9F7AE31B83FB71007C9869 /* LaunchScreen.xib */ = {
			isa = PBXVariantGroup;
			children = (
				5A9F7AE41B83FB71007C9869 /* Base */,
			);
			name = LaunchScreen.xib;
			sourceTree = "<group>";
		};
/* End PBXVariantGroup section */

/* Begin XCBuildConfiguration section */
		5A9F7AF21B83FB71007C9869 /* Debug */ = {
			isa = XCBuildConfiguration;
			buildSettings = {
				ALWAYS_SEARCH_USER_PATHS = NO;
				CLANG_CXX_LANGUAGE_STANDARD = "gnu++0x";
				CLANG_CXX_LIBRARY = "libc++";
				CLANG_ENABLE_MODULES = YES;
				CLANG_ENABLE_OBJC_ARC = YES;
				CLANG_WARN_BOOL_CONVERSION = YES;
				CLANG_WARN_CONSTANT_CONVERSION = YES;
				CLANG_WARN_DIRECT_OBJC_ISA_USAGE = YES_ERROR;
				CLANG_WARN_EMPTY_BODY = YES;
				CLANG_WARN_ENUM_CONVERSION = YES;
				CLANG_WARN_INT_CONVERSION = YES;
				CLANG_WARN_OBJC_ROOT_CLASS = YES_ERROR;
				CLANG_WARN_UNREACHABLE_CODE = YES;
				CLANG_WARN__DUPLICATE_METHOD_MATCH = YES;
				"CODE_SIGN_IDENTITY[sdk=iphoneos*]" = "iPhone Developer";
				COPY_PHASE_STRIP = NO;
				DEBUG_INFORMATION_FORMAT = "dwarf-with-dsym";
				ENABLE_STRICT_OBJC_MSGSEND = YES;
				GCC_C_LANGUAGE_STANDARD = gnu99;
				GCC_DYNAMIC_NO_PIC = NO;
				GCC_NO_COMMON_BLOCKS = YES;
				GCC_OPTIMIZATION_LEVEL = 0;
				GCC_PREPROCESSOR_DEFINITIONS = (
					"DEBUG=1",
					"$(inherited)",
				);
				GCC_SYMBOLS_PRIVATE_EXTERN = NO;
				GCC_WARN_64_TO_32_BIT_CONVERSION = YES;
				GCC_WARN_ABOUT_RETURN_TYPE = YES_ERROR;
				GCC_WARN_UNDECLARED_SELECTOR = YES;
				GCC_WARN_UNINITIALIZED_AUTOS = YES_AGGRESSIVE;
				GCC_WARN_UNUSED_FUNCTION = YES;
				GCC_WARN_UNUSED_VARIABLE = YES;
				IPHONEOS_DEPLOYMENT_TARGET = 8.4;
				MTL_ENABLE_DEBUG_INFO = YES;
				ONLY_ACTIVE_ARCH = YES;
				SDKROOT = iphoneos;
				TARGETED_DEVICE_FAMILY = "1,2";
			};
			name = Debug;
		};
		5A9F7AF31B83FB71007C9869 /* Release */ = {
			isa = XCBuildConfiguration;
			buildSettings = {
				ALWAYS_SEARCH_USER_PATHS = NO;
				CLANG_CXX_LANGUAGE_STANDARD = "gnu++0x";
				CLANG_CXX_LIBRARY = "libc++";
				CLANG_ENABLE_MODULES = YES;
				CLANG_ENABLE_OBJC_ARC = YES;
				CLANG_WARN_BOOL_CONVERSION = YES;
				CLANG_WARN_CONSTANT_CONVERSION = YES;
				CLANG_WARN_DIRECT_OBJC_ISA_USAGE = YES_ERROR;
				CLANG_WARN_EMPTY_BODY = YES;
				CLANG_WARN_ENUM_CONVERSION = YES;
				CLANG_WARN_INT_CONVERSION = YES;
				CLANG_WARN_OBJC_ROOT_CLASS = YES_ERROR;
				CLANG_WARN_UNREACHABLE_CODE = YES;
				CLANG_WARN__DUPLICATE_METHOD_MATCH = YES;
				"CODE_SIGN_IDENTITY[sdk=iphoneos*]" = "iPhone Developer";
				COPY_PHASE_STRIP = NO;
				DEBUG_INFORMATION_FORMAT = "dwarf-with-dsym";
				ENABLE_NS_ASSERTIONS = NO;
				ENABLE_STRICT_OBJC_MSGSEND = YES;
				GCC_C_LANGUAGE_STANDARD = gnu99;
				GCC_NO_COMMON_BLOCKS = YES;
				GCC_WARN_64_TO_32_BIT_CONVERSION = YES;
				GCC_WARN_ABOUT_RETURN_TYPE = YES_ERROR;
				GCC_WARN_UNDECLARED_SELECTOR = YES;
				GCC_WARN_UNINITIALIZED_AUTOS = YES_AGGRESSIVE;
				GCC_WARN_UNUSED_FUNCTION = YES;
				GCC_WARN_UNUSED_VARIABLE = YES;
				IPHONEOS_DEPLOYMENT_TARGET = 8.4;
				MTL_ENABLE_DEBUG_INFO = NO;
				SDKROOT = iphoneos;
				TARGETED_DEVICE_FAMILY = "1,2";
				VALIDATE_PRODUCT = YES;
			};
			name = Release;
		};
		5A9F7AF51B83FB71007C9869 /* Debug */ = {
			isa = XCBuildConfiguration;
			buildSettings = {
				ASSETCATALOG_COMPILER_APPICON_NAME = AppIcon;
				INFOPLIST_FILE = "Button Fun/Info.plist";
				LD_RUNPATH_SEARCH_PATHS = "$(inherited) @executable_path/Frameworks";
				PRODUCT_NAME = "$(TARGET_NAME)";
			};
			name = Debug;
		};
		5A9F7AF61B83FB71007C9869 /* Release */ = {
			isa = XCBuildConfiguration;
			buildSettings = {
				ASSETCATALOG_COMPILER_APPICON_NAME = AppIcon;
				INFOPLIST_FILE = "Button Fun/Info.plist";
				LD_RUNPATH_SEARCH_PATHS = "$(inherited) @executable_path/Frameworks";
				PRODUCT_NAME = "$(TARGET_NAME)";
			};
			name = Release;
		};
		5A9F7AF81B83FB71007C9869 /* Debug */ = {
			isa = XCBuildConfiguration;
			buildSettings = {
				BUNDLE_LOADER = "$(TEST_HOST)";
				FRAMEWORK_SEARCH_PATHS = (
					"$(SDKROOT)/Developer/Library/Frameworks",
					"$(inherited)",
				);
				GCC_PREPROCESSOR_DEFINITIONS = (
					"DEBUG=1",
					"$(inherited)",
				);
				INFOPLIST_FILE = "Button FunTests/Info.plist";
				LD_RUNPATH_SEARCH_PATHS = "$(inherited) @executable_path/Frameworks @loader_path/Frameworks";
				PRODUCT_NAME = "$(TARGET_NAME)";
				TEST_HOST = "$(BUILT_PRODUCTS_DIR)/Button Fun.app/Button Fun";
			};
			name = Debug;
		};
		5A9F7AF91B83FB71007C9869 /* Release */ = {
			isa = XCBuildConfiguration;
			buildSettings = {
				BUNDLE_LOADER = "$(TEST_HOST)";
				FRAMEWORK_SEARCH_PATHS = (
					"$(SDKROOT)/Developer/Library/Frameworks",
					"$(inherited)",
				);
				INFOPLIST_FILE = "Button FunTests/Info.plist";
				LD_RUNPATH_SEARCH_PATHS = "$(inherited) @executable_path/Frameworks @loader_path/Frameworks";
				PRODUCT_NAME = "$(TARGET_NAME)";
				TEST_HOST = "$(BUILT_PRODUCTS_DIR)/Button Fun.app/Button Fun";
			};
			name = Release;
		};
/* End XCBuildConfiguration section */

/* Begin XCConfigurationList section */
		5A9F7ACC1B83FB71007C9869 /* Build configuration list for PBXProject "Button Fun" */ = {
			isa = XCConfigurationList;
			buildConfigurations = (
				5A9F7AF21B83FB71007C9869 /* Debug */,
				5A9F7AF31B83FB71007C9869 /* Release */,
			);
			defaultConfigurationIsVisible = 0;
			defaultConfigurationName = Release;
		};
		5A9F7AF41B83FB71007C9869 /* Build configuration list for PBXNativeTarget "Button Fun" */ = {
			isa = XCConfigurationList;
			buildConfigurations = (
				5A9F7AF51B83FB71007C9869 /* Debug */,
				5A9F7AF61B83FB71007C9869 /* Release */,
			);
			defaultConfigurationIsVisible = 0;
		};
		5A9F7AF71B83FB71007C9869 /* Build configuration list for PBXNativeTarget "Button FunTests" */ = {
			isa = XCConfigurationList;
			buildConfigurations = (
				5A9F7AF81B83FB71007C9869 /* Debug */,
				5A9F7AF91B83FB71007C9869 /* Release */,
			);
			defaultConfigurationIsVisible = 0;
		};
/* End XCConfigurationList section */
	};
	rootObject = 5A9F7AC91B83FB71007C9869 /* Project object */;
}
